
Microsoft Visual Studio Solution File, Format Version 12.00
Project("{FAE04EC0-301F-11D3-BF4B-00C04F79EFBC}") = "FFsmartPlus", "FFsmartPlus\FFsmartPlus.csproj", "{F957C554-709B-4B91-B034-098FB158B57E}"
EndProject
Project("{FAE04EC0-301F-11D3-BF4B-00C04F79EFBC}") = "Domain", "Domain\Domain.csproj", "{8FA6279E-FF64-4642-9070-C64865FF2456}"
EndProject
Project("{FAE04EC0-301F-11D3-BF4B-00C04F79EFBC}") = "Infrastructure", "Infrastructure\Infrastructure.csproj", "{2D84C881-A05A-4C89-AB1B-0141CAB91877}"
EndProject
Project("{FAE04EC0-301F-11D3-BF4B-00C04F79EFBC}") = "Application", "Application\Application.csproj", "{A21F295A-B2C8-4E13-B806-4276007F9717}"
EndProject
Project("{FAE04EC0-301F-11D3-BF4B-00C04F79EFBC}") = "Testing", "Testing\Testing.csproj", "{07ED59F8-255A-4A53-B874-E365E0FC7288}"
EndProject
Project("{2150E333-8FDC-42A3-9474-1A3956D46DE8}") = "Tests", "Tests", "{42C9D5DE-76EE-49C3-A29B-0733B6F5D342}"
EndProject
Global
	GlobalSection(SolutionConfigurationPlatforms) = preSolution
		Debug|Any CPU = Debug|Any CPU
		Release|Any CPU = Release|Any CPU
	EndGlobalSection
	GlobalSection(ProjectConfigurationPlatforms) = postSolution
		{F957C554-709B-4B91-B034-098FB158B57E}.Debug|Any CPU.ActiveCfg = Debug|Any CPU
		{F957C554-709B-4B91-B034-098FB158B57E}.Debug|Any CPU.Build.0 = Debug|Any CPU
		{F957C554-709B-4B91-B034-098FB158B57E}.Release|Any CPU.ActiveCfg = Release|Any CPU
		{F957C554-709B-4B91-B034-098FB158B57E}.Release|Any CPU.Build.0 = Release|Any CPU
		{8FA6279E-FF64-4642-9070-C64865FF2456}.Debug|Any CPU.ActiveCfg = Debug|Any CPU
		{8FA6279E-FF64-4642-9070-C64865FF2456}.Debug|Any CPU.Build.0 = Debug|Any CPU
		{8FA6279E-FF64-4642-9070-C64865FF2456}.Release|Any CPU.ActiveCfg = Release|Any CPU
		{8FA6279E-FF64-4642-9070-C64865FF2456}.Release|Any CPU.Build.0 = Release|Any CPU
		{2D84C881-A05A-4C89-AB1B-0141CAB91877}.Debug|Any CPU.ActiveCfg = Debug|Any CPU
		{2D84C881-A05A-4C89-AB1B-0141CAB91877}.Debug|Any CPU.Build.0 = Debug|Any CPU
		{2D84C881-A05A-4C89-AB1B-0141CAB91877}.Release|Any CPU.ActiveCfg = Release|Any CPU
		{2D84C881-A05A-4C89-AB1B-0141CAB91877}.Release|Any CPU.Build.0 = Release|Any CPU
		{A21F295A-B2C8-4E13-B806-4276007F9717}.Debug|Any CPU.ActiveCfg = Debug|Any CPU
		{A21F295A-B2C8-4E13-B806-4276007F9717}.Debug|Any CPU.Build.0 = Debug|Any CPU
		{A21F295A-B2C8-4E13-B806-4276007F9717}.Release|Any CPU.ActiveCfg = Release|Any CPU
		{A21F295A-B2C8-4E13-B806-4276007F9717}.Release|Any CPU.Build.0 = Release|Any CPU
		{07ED59F8-255A-4A53-B874-E365E0FC7288}.Debug|Any CPU.ActiveCfg = Debug|Any CPU
		{07ED59F8-255A-4A53-B874-E365E0FC7288}.Debug|Any CPU.Build.0 = Debug|Any CPU
		{07ED59F8-255A-4A53-B874-E365E0FC7288}.Release|Any CPU.ActiveCfg = Release|Any CPU
		{07ED59F8-255A-4A53-B874-E365E0FC7288}.Release|Any CPU.Build.0 = Release|Any CPU
	EndGlobalSection
	GlobalSection(NestedProjects) = preSolution
		{07ED59F8-255A-4A53-B874-E365E0FC7288} = {42C9D5DE-76EE-49C3-A29B-0733B6F5D342}
	EndGlobalSection
EndGlobal
